// !$*UTF8*$!
{
	archiveVersion = 1;
	classes = {
	};
	objectVersion = 55;
	objects = {

/* Begin PBXBuildFile section */
		000BD537289A1D0B00B9100E /* CALayer.swift in Sources */ = {isa = PBXBuildFile; fileRef = 000BD527289A1D0B00B9100E /* CALayer.swift */; };
		000BD538289A1D0B00B9100E /* Date.swift in Sources */ = {isa = PBXBuildFile; fileRef = 000BD528289A1D0B00B9100E /* Date.swift */; };
		000BD539289A1D0B00B9100E /* UIView.swift in Sources */ = {isa = PBXBuildFile; fileRef = 000BD529289A1D0B00B9100E /* UIView.swift */; };
		000BD53A289A1D0B00B9100E /* Array.swift in Sources */ = {isa = PBXBuildFile; fileRef = 000BD52A289A1D0B00B9100E /* Array.swift */; };
		000BD53B289A1D0B00B9100E /* UIColor.swift in Sources */ = {isa = PBXBuildFile; fileRef = 000BD52B289A1D0B00B9100E /* UIColor.swift */; };
		000BD53C289A1D0B00B9100E /* UINavigationItem.swift in Sources */ = {isa = PBXBuildFile; fileRef = 000BD52C289A1D0B00B9100E /* UINavigationItem.swift */; };
		000BD53D289A1D0B00B9100E /* UITableView.swift in Sources */ = {isa = PBXBuildFile; fileRef = 000BD52D289A1D0B00B9100E /* UITableView.swift */; };
		000BD53E289A1D0B00B9100E /* Dictionary.swift in Sources */ = {isa = PBXBuildFile; fileRef = 000BD52E289A1D0B00B9100E /* Dictionary.swift */; };
		000BD540289A1D0B00B9100E /* UIButton.swift in Sources */ = {isa = PBXBuildFile; fileRef = 000BD530289A1D0B00B9100E /* UIButton.swift */; };
		000BD541289A1D0B00B9100E /* UIImage.swift in Sources */ = {isa = PBXBuildFile; fileRef = 000BD531289A1D0B00B9100E /* UIImage.swift */; };
		000BD542289A1D0B00B9100E /* UIViewController.swift in Sources */ = {isa = PBXBuildFile; fileRef = 000BD532289A1D0B00B9100E /* UIViewController.swift */; };
		000BD544289A1D0B00B9100E /* UIFont.swift in Sources */ = {isa = PBXBuildFile; fileRef = 000BD534289A1D0B00B9100E /* UIFont.swift */; };
		000BD545289A1D0B00B9100E /* UILabel.swift in Sources */ = {isa = PBXBuildFile; fileRef = 000BD535289A1D0B00B9100E /* UILabel.swift */; };
		000BD546289A1D0B00B9100E /* UIAlertController.swift in Sources */ = {isa = PBXBuildFile; fileRef = 000BD536289A1D0B00B9100E /* UIAlertController.swift */; };
		000BD548289A1EFA00B9100E /* Global.swift in Sources */ = {isa = PBXBuildFile; fileRef = 000BD547289A1EFA00B9100E /* Global.swift */; };
		000BD54A289A1FFD00B9100E /* String.swift in Sources */ = {isa = PBXBuildFile; fileRef = 000BD549289A1FFD00B9100E /* String.swift */; };
		000BD558289A229100B9100E /* ELJsonUtil.swift in Sources */ = {isa = PBXBuildFile; fileRef = 000BD54C289A229100B9100E /* ELJsonUtil.swift */; };
		000BD559289A229100B9100E /* ELDarkModeUtil.swift in Sources */ = {isa = PBXBuildFile; fileRef = 000BD54D289A229100B9100E /* ELDarkModeUtil.swift */; };
		000BD55B289A229100B9100E /* MJRefresh+RxSwift.swift in Sources */ = {isa = PBXBuildFile; fileRef = 000BD550289A229100B9100E /* MJRefresh+RxSwift.swift */; };
		000BD55C289A229100B9100E /* UIScrollView+RxSwift.swift in Sources */ = {isa = PBXBuildFile; fileRef = 000BD551289A229100B9100E /* UIScrollView+RxSwift.swift */; };
		000BD55D289A229100B9100E /* ELSecretKeyUtil.swift in Sources */ = {isa = PBXBuildFile; fileRef = 000BD552289A229100B9100E /* ELSecretKeyUtil.swift */; };
		000BD55E289A229100B9100E /* ELSystemTools.swift in Sources */ = {isa = PBXBuildFile; fileRef = 000BD553289A229100B9100E /* ELSystemTools.swift */; };
		000BD55F289A229100B9100E /* ELCheckUtil.swift in Sources */ = {isa = PBXBuildFile; fileRef = 000BD554289A229100B9100E /* ELCheckUtil.swift */; };
		000BD560289A229100B9100E /* ELStringUtil.swift in Sources */ = {isa = PBXBuildFile; fileRef = 000BD555289A229100B9100E /* ELStringUtil.swift */; };
		000BD561289A229100B9100E /* ELNotificationKeyUtil.swift in Sources */ = {isa = PBXBuildFile; fileRef = 000BD556289A229100B9100E /* ELNotificationKeyUtil.swift */; };
		000BD562289A229100B9100E /* ELImageUtil.swift in Sources */ = {isa = PBXBuildFile; fileRef = 000BD557289A229100B9100E /* ELImageUtil.swift */; };
		000BD566289A23D200B9100E /* SuperOB.swift in Sources */ = {isa = PBXBuildFile; fileRef = 000BD565289A23D200B9100E /* SuperOB.swift */; };
		001F437C2898CDB900324FDB /* Assets.xcassets in Resources */ = {isa = PBXBuildFile; fileRef = 001F437B2898CDB900324FDB /* Assets.xcassets */; };
		001F805728A7776D00F8C6EF /* ELNetAPIManagers.swift in Sources */ = {isa = PBXBuildFile; fileRef = 001F805628A7776D00F8C6EF /* ELNetAPIManagers.swift */; };
		001F805A28A77A3200F8C6EF /* ELAPIClient.swift in Sources */ = {isa = PBXBuildFile; fileRef = 001F805928A77A3200F8C6EF /* ELAPIClient.swift */; };
		001F805C28A77B8200F8C6EF /* ELNetAPI.swift in Sources */ = {isa = PBXBuildFile; fileRef = 001F805B28A77B8200F8C6EF /* ELNetAPI.swift */; };
		001F806F28A7DB5300F8C6EF /* ELCoreManager.swift in Sources */ = {isa = PBXBuildFile; fileRef = 001F806E28A7DB5300F8C6EF /* ELCoreManager.swift */; };
		0043F64028A6439500B567AA /* ELDataParseReqPlugin.swift in Sources */ = {isa = PBXBuildFile; fileRef = 0043F63F28A6439400B567AA /* ELDataParseReqPlugin.swift */; };
		0044623028A89D7900AED895 /* ELHomePageViewController.swift in Sources */ = {isa = PBXBuildFile; fileRef = 0044622F28A89D7900AED895 /* ELHomePageViewController.swift */; };
		0044623228A89F5E00AED895 /* ELCourseViewController.swift in Sources */ = {isa = PBXBuildFile; fileRef = 0044623128A89F5E00AED895 /* ELCourseViewController.swift */; };
		0044623428A89F8C00AED895 /* ELMyViewController.swift in Sources */ = {isa = PBXBuildFile; fileRef = 0044623328A89F8C00AED895 /* ELMyViewController.swift */; };
		0044C7152898CB3E006D5B1F /* AppDelegate.swift in Sources */ = {isa = PBXBuildFile; fileRef = 0044C7142898CB3E006D5B1F /* AppDelegate.swift */; };
		0044C7212898CB3F006D5B1F /* LaunchScreen.storyboard in Resources */ = {isa = PBXBuildFile; fileRef = 0044C71F2898CB3F006D5B1F /* LaunchScreen.storyboard */; };
		0059CC7828A614B0008DC1F1 /* ELBasicViewController.swift in Sources */ = {isa = PBXBuildFile; fileRef = 0059CC7728A614B0008DC1F1 /* ELBasicViewController.swift */; };
		0059CC7B28A6189D008DC1F1 /* ELBasicView.swift in Sources */ = {isa = PBXBuildFile; fileRef = 0059CC7A28A6189D008DC1F1 /* ELBasicView.swift */; };
		0059CC7D28A61946008DC1F1 /* ELBasicTableViewCell.swift in Sources */ = {isa = PBXBuildFile; fileRef = 0059CC7C28A61946008DC1F1 /* ELBasicTableViewCell.swift */; };
		0059CC8028A61E8D008DC1F1 /* Navigator.swift in Sources */ = {isa = PBXBuildFile; fileRef = 0059CC7F28A61E8D008DC1F1 /* Navigator.swift */; };
		0059CC8228A61FE3008DC1F1 /* ELRootTabbarController.swift in Sources */ = {isa = PBXBuildFile; fileRef = 0059CC8128A61FE3008DC1F1 /* ELRootTabbarController.swift */; };
		0059CC8728A622EF008DC1F1 /* ELCheckNetwork.swift in Sources */ = {isa = PBXBuildFile; fileRef = 0059CC8628A622EF008DC1F1 /* ELCheckNetwork.swift */; };
		0059CC8928A623EA008DC1F1 /* ELProgressHUD.swift in Sources */ = {isa = PBXBuildFile; fileRef = 0059CC8828A623EA008DC1F1 /* ELProgressHUD.swift */; };
		0063F1AD28A9ED25005874D8 /* R.generated.swift in Sources */ = {isa = PBXBuildFile; fileRef = 0063F1AC28A9ED25005874D8 /* R.generated.swift */; };
		0063F1AF28A9F8EE005874D8 /* Navigator+Home.swift in Sources */ = {isa = PBXBuildFile; fileRef = 0063F1AE28A9F8EE005874D8 /* Navigator+Home.swift */; };
		00D191BE28AB6228000EDC03 /* ELCourseDetailViewController.swift in Sources */ = {isa = PBXBuildFile; fileRef = 00D191BD28AB6228000EDC03 /* ELCourseDetailViewController.swift */; };
		00D191C028AB81A5000EDC03 /* ELIntroView.swift in Sources */ = {isa = PBXBuildFile; fileRef = 00D191BF28AB81A5000EDC03 /* ELIntroView.swift */; };
		00D191C428AB92F2000EDC03 /* ELProgressView.swift in Sources */ = {isa = PBXBuildFile; fileRef = 00D191C328AB92F2000EDC03 /* ELProgressView.swift */; };
		278321E228B4ADB500309F55 /* RCGradientProgressView.swift in Sources */ = {isa = PBXBuildFile; fileRef = 278321E128B4ADB500309F55 /* RCGradientProgressView.swift */; };
		278321E428B4B2E000309F55 /* ELCourseInfoView.swift in Sources */ = {isa = PBXBuildFile; fileRef = 278321E328B4B2E000309F55 /* ELCourseInfoView.swift */; };
		278321E628B4B3B800309F55 /* ELNameView.swift in Sources */ = {isa = PBXBuildFile; fileRef = 278321E528B4B3B800309F55 /* ELNameView.swift */; };
		278321E828B4C51100309F55 /* ELCourseInfoContentView.swift in Sources */ = {isa = PBXBuildFile; fileRef = 278321E728B4C51100309F55 /* ELCourseInfoContentView.swift */; };
		27CFE68D28B4CA2500B9ADC5 /* ELCourseInfoTitleView.swift in Sources */ = {isa = PBXBuildFile; fileRef = 27CFE68C28B4CA2500B9ADC5 /* ELCourseInfoTitleView.swift */; };
		B2F282ABC4956D505FFE72E5 /* Pods_E_Learning.framework in Frameworks */ = {isa = PBXBuildFile; fileRef = EE9B10A552CD2241A281CA78 /* Pods_E_Learning.framework */; };
/* End PBXBuildFile section */

/* Begin PBXFileReference section */
		000BD527289A1D0B00B9100E /* CALayer.swift */ = {isa = PBXFileReference; fileEncoding = 4; lastKnownFileType = sourcecode.swift; path = CALayer.swift; sourceTree = "<group>"; };
		000BD528289A1D0B00B9100E /* Date.swift */ = {isa = PBXFileReference; fileEncoding = 4; lastKnownFileType = sourcecode.swift; path = Date.swift; sourceTree = "<group>"; };
		000BD529289A1D0B00B9100E /* UIView.swift */ = {isa = PBXFileReference; fileEncoding = 4; lastKnownFileType = sourcecode.swift; path = UIView.swift; sourceTree = "<group>"; };
		000BD52A289A1D0B00B9100E /* Array.swift */ = {isa = PBXFileReference; fileEncoding = 4; lastKnownFileType = sourcecode.swift; path = Array.swift; sourceTree = "<group>"; };
		000BD52B289A1D0B00B9100E /* UIColor.swift */ = {isa = PBXFileReference; fileEncoding = 4; lastKnownFileType = sourcecode.swift; path = UIColor.swift; sourceTree = "<group>"; };
		000BD52C289A1D0B00B9100E /* UINavigationItem.swift */ = {isa = PBXFileReference; fileEncoding = 4; lastKnownFileType = sourcecode.swift; path = UINavigationItem.swift; sourceTree = "<group>"; };
		000BD52D289A1D0B00B9100E /* UITableView.swift */ = {isa = PBXFileReference; fileEncoding = 4; lastKnownFileType = sourcecode.swift; path = UITableView.swift; sourceTree = "<group>"; };
		000BD52E289A1D0B00B9100E /* Dictionary.swift */ = {isa = PBXFileReference; fileEncoding = 4; lastKnownFileType = sourcecode.swift; path = Dictionary.swift; sourceTree = "<group>"; };
		000BD530289A1D0B00B9100E /* UIButton.swift */ = {isa = PBXFileReference; fileEncoding = 4; lastKnownFileType = sourcecode.swift; path = UIButton.swift; sourceTree = "<group>"; };
		000BD531289A1D0B00B9100E /* UIImage.swift */ = {isa = PBXFileReference; fileEncoding = 4; lastKnownFileType = sourcecode.swift; path = UIImage.swift; sourceTree = "<group>"; };
		000BD532289A1D0B00B9100E /* UIViewController.swift */ = {isa = PBXFileReference; fileEncoding = 4; lastKnownFileType = sourcecode.swift; path = UIViewController.swift; sourceTree = "<group>"; };
		000BD534289A1D0B00B9100E /* UIFont.swift */ = {isa = PBXFileReference; fileEncoding = 4; lastKnownFileType = sourcecode.swift; path = UIFont.swift; sourceTree = "<group>"; };
		000BD535289A1D0B00B9100E /* UILabel.swift */ = {isa = PBXFileReference; fileEncoding = 4; lastKnownFileType = sourcecode.swift; path = UILabel.swift; sourceTree = "<group>"; };
		000BD536289A1D0B00B9100E /* UIAlertController.swift */ = {isa = PBXFileReference; fileEncoding = 4; lastKnownFileType = sourcecode.swift; path = UIAlertController.swift; sourceTree = "<group>"; };
		000BD547289A1EFA00B9100E /* Global.swift */ = {isa = PBXFileReference; fileEncoding = 4; lastKnownFileType = sourcecode.swift; path = Global.swift; sourceTree = "<group>"; };
		000BD549289A1FFD00B9100E /* String.swift */ = {isa = PBXFileReference; fileEncoding = 4; lastKnownFileType = sourcecode.swift; path = String.swift; sourceTree = "<group>"; };
		000BD54C289A229100B9100E /* ELJsonUtil.swift */ = {isa = PBXFileReference; fileEncoding = 4; lastKnownFileType = sourcecode.swift; path = ELJsonUtil.swift; sourceTree = "<group>"; };
		000BD54D289A229100B9100E /* ELDarkModeUtil.swift */ = {isa = PBXFileReference; fileEncoding = 4; lastKnownFileType = sourcecode.swift; path = ELDarkModeUtil.swift; sourceTree = "<group>"; };
		000BD550289A229100B9100E /* MJRefresh+RxSwift.swift */ = {isa = PBXFileReference; fileEncoding = 4; lastKnownFileType = sourcecode.swift; path = "MJRefresh+RxSwift.swift"; sourceTree = "<group>"; };
		000BD551289A229100B9100E /* UIScrollView+RxSwift.swift */ = {isa = PBXFileReference; fileEncoding = 4; lastKnownFileType = sourcecode.swift; path = "UIScrollView+RxSwift.swift"; sourceTree = "<group>"; };
		000BD552289A229100B9100E /* ELSecretKeyUtil.swift */ = {isa = PBXFileReference; fileEncoding = 4; lastKnownFileType = sourcecode.swift; path = ELSecretKeyUtil.swift; sourceTree = "<group>"; };
		000BD553289A229100B9100E /* ELSystemTools.swift */ = {isa = PBXFileReference; fileEncoding = 4; lastKnownFileType = sourcecode.swift; path = ELSystemTools.swift; sourceTree = "<group>"; };
		000BD554289A229100B9100E /* ELCheckUtil.swift */ = {isa = PBXFileReference; fileEncoding = 4; lastKnownFileType = sourcecode.swift; path = ELCheckUtil.swift; sourceTree = "<group>"; };
		000BD555289A229100B9100E /* ELStringUtil.swift */ = {isa = PBXFileReference; fileEncoding = 4; lastKnownFileType = sourcecode.swift; path = ELStringUtil.swift; sourceTree = "<group>"; };
		000BD556289A229100B9100E /* ELNotificationKeyUtil.swift */ = {isa = PBXFileReference; fileEncoding = 4; lastKnownFileType = sourcecode.swift; path = ELNotificationKeyUtil.swift; sourceTree = "<group>"; };
		000BD557289A229100B9100E /* ELImageUtil.swift */ = {isa = PBXFileReference; fileEncoding = 4; lastKnownFileType = sourcecode.swift; path = ELImageUtil.swift; sourceTree = "<group>"; };
		000BD565289A23D200B9100E /* SuperOB.swift */ = {isa = PBXFileReference; fileEncoding = 4; lastKnownFileType = sourcecode.swift; path = SuperOB.swift; sourceTree = "<group>"; };
		001F43792898CDA200324FDB /* Info.plist */ = {isa = PBXFileReference; fileEncoding = 4; lastKnownFileType = text.plist.xml; path = Info.plist; sourceTree = "<group>"; };
		001F437B2898CDB900324FDB /* Assets.xcassets */ = {isa = PBXFileReference; lastKnownFileType = folder.assetcatalog; path = Assets.xcassets; sourceTree = "<group>"; };
		001F805628A7776D00F8C6EF /* ELNetAPIManagers.swift */ = {isa = PBXFileReference; fileEncoding = 4; lastKnownFileType = sourcecode.swift; path = ELNetAPIManagers.swift; sourceTree = "<group>"; };
		001F805928A77A3200F8C6EF /* ELAPIClient.swift */ = {isa = PBXFileReference; fileEncoding = 4; lastKnownFileType = sourcecode.swift; path = ELAPIClient.swift; sourceTree = "<group>"; };
		001F805B28A77B8200F8C6EF /* ELNetAPI.swift */ = {isa = PBXFileReference; fileEncoding = 4; lastKnownFileType = sourcecode.swift; path = ELNetAPI.swift; sourceTree = "<group>"; };
		001F806E28A7DB5300F8C6EF /* ELCoreManager.swift */ = {isa = PBXFileReference; fileEncoding = 4; lastKnownFileType = sourcecode.swift; path = ELCoreManager.swift; sourceTree = "<group>"; };
		0043F63F28A6439400B567AA /* ELDataParseReqPlugin.swift */ = {isa = PBXFileReference; fileEncoding = 4; lastKnownFileType = sourcecode.swift; path = ELDataParseReqPlugin.swift; sourceTree = "<group>"; };
		0044622F28A89D7900AED895 /* ELHomePageViewController.swift */ = {isa = PBXFileReference; lastKnownFileType = sourcecode.swift; path = ELHomePageViewController.swift; sourceTree = "<group>"; };
		0044623128A89F5E00AED895 /* ELCourseViewController.swift */ = {isa = PBXFileReference; lastKnownFileType = sourcecode.swift; path = ELCourseViewController.swift; sourceTree = "<group>"; };
		0044623328A89F8C00AED895 /* ELMyViewController.swift */ = {isa = PBXFileReference; lastKnownFileType = sourcecode.swift; path = ELMyViewController.swift; sourceTree = "<group>"; };
		0044C7112898CB3E006D5B1F /* E_Learning.app */ = {isa = PBXFileReference; explicitFileType = wrapper.application; includeInIndex = 0; path = E_Learning.app; sourceTree = BUILT_PRODUCTS_DIR; };
		0044C7142898CB3E006D5B1F /* AppDelegate.swift */ = {isa = PBXFileReference; lastKnownFileType = sourcecode.swift; path = AppDelegate.swift; sourceTree = "<group>"; };
		0044C7202898CB3F006D5B1F /* Base */ = {isa = PBXFileReference; lastKnownFileType = file.storyboard; name = Base; path = Base.lproj/LaunchScreen.storyboard; sourceTree = "<group>"; };
		0059CC7728A614B0008DC1F1 /* ELBasicViewController.swift */ = {isa = PBXFileReference; fileEncoding = 4; lastKnownFileType = sourcecode.swift; path = ELBasicViewController.swift; sourceTree = "<group>"; };
		0059CC7A28A6189D008DC1F1 /* ELBasicView.swift */ = {isa = PBXFileReference; fileEncoding = 4; lastKnownFileType = sourcecode.swift; path = ELBasicView.swift; sourceTree = "<group>"; };
		0059CC7C28A61946008DC1F1 /* ELBasicTableViewCell.swift */ = {isa = PBXFileReference; fileEncoding = 4; lastKnownFileType = sourcecode.swift; path = ELBasicTableViewCell.swift; sourceTree = "<group>"; };
		0059CC7F28A61E8D008DC1F1 /* Navigator.swift */ = {isa = PBXFileReference; fileEncoding = 4; lastKnownFileType = sourcecode.swift; path = Navigator.swift; sourceTree = "<group>"; };
		0059CC8128A61FE3008DC1F1 /* ELRootTabbarController.swift */ = {isa = PBXFileReference; fileEncoding = 4; lastKnownFileType = sourcecode.swift; path = ELRootTabbarController.swift; sourceTree = "<group>"; };
		0059CC8628A622EF008DC1F1 /* ELCheckNetwork.swift */ = {isa = PBXFileReference; fileEncoding = 4; lastKnownFileType = sourcecode.swift; path = ELCheckNetwork.swift; sourceTree = "<group>"; };
		0059CC8828A623EA008DC1F1 /* ELProgressHUD.swift */ = {isa = PBXFileReference; fileEncoding = 4; lastKnownFileType = sourcecode.swift; path = ELProgressHUD.swift; sourceTree = "<group>"; };
		0063F1AC28A9ED25005874D8 /* R.generated.swift */ = {isa = PBXFileReference; fileEncoding = 4; lastKnownFileType = sourcecode.swift; path = R.generated.swift; sourceTree = "<group>"; };
		0063F1AE28A9F8EE005874D8 /* Navigator+Home.swift */ = {isa = PBXFileReference; lastKnownFileType = sourcecode.swift; path = "Navigator+Home.swift"; sourceTree = "<group>"; };
		00A64AA82898F4E1008F970F /* E_Learning-Bridging-Header.h */ = {isa = PBXFileReference; lastKnownFileType = sourcecode.c.h; path = "E_Learning-Bridging-Header.h"; sourceTree = "<group>"; };
		00D191BD28AB6228000EDC03 /* ELCourseDetailViewController.swift */ = {isa = PBXFileReference; lastKnownFileType = sourcecode.swift; path = ELCourseDetailViewController.swift; sourceTree = "<group>"; };
		00D191BF28AB81A5000EDC03 /* ELIntroView.swift */ = {isa = PBXFileReference; lastKnownFileType = sourcecode.swift; path = ELIntroView.swift; sourceTree = "<group>"; };
		00D191C328AB92F2000EDC03 /* ELProgressView.swift */ = {isa = PBXFileReference; lastKnownFileType = sourcecode.swift; path = ELProgressView.swift; sourceTree = "<group>"; };
		0951055AA81821098722831E /* Pods-E_Learning.release.xcconfig */ = {isa = PBXFileReference; includeInIndex = 1; lastKnownFileType = text.xcconfig; name = "Pods-E_Learning.release.xcconfig"; path = "Target Support Files/Pods-E_Learning/Pods-E_Learning.release.xcconfig"; sourceTree = "<group>"; };
		0D34EE85846E409B9E3E1654 /* Pods-E_Learning.debug.xcconfig */ = {isa = PBXFileReference; includeInIndex = 1; lastKnownFileType = text.xcconfig; name = "Pods-E_Learning.debug.xcconfig"; path = "Target Support Files/Pods-E_Learning/Pods-E_Learning.debug.xcconfig"; sourceTree = "<group>"; };
		278321E128B4ADB500309F55 /* RCGradientProgressView.swift */ = {isa = PBXFileReference; lastKnownFileType = sourcecode.swift; path = RCGradientProgressView.swift; sourceTree = "<group>"; };
		278321E328B4B2E000309F55 /* ELCourseInfoView.swift */ = {isa = PBXFileReference; lastKnownFileType = sourcecode.swift; path = ELCourseInfoView.swift; sourceTree = "<group>"; };
		278321E528B4B3B800309F55 /* ELNameView.swift */ = {isa = PBXFileReference; lastKnownFileType = sourcecode.swift; path = ELNameView.swift; sourceTree = "<group>"; };
		278321E728B4C51100309F55 /* ELCourseInfoContentView.swift */ = {isa = PBXFileReference; lastKnownFileType = sourcecode.swift; path = ELCourseInfoContentView.swift; sourceTree = "<group>"; };
		27CFE68C28B4CA2500B9ADC5 /* ELCourseInfoTitleView.swift */ = {isa = PBXFileReference; lastKnownFileType = sourcecode.swift; path = ELCourseInfoTitleView.swift; sourceTree = "<group>"; };
		EE9B10A552CD2241A281CA78 /* Pods_E_Learning.framework */ = {isa = PBXFileReference; explicitFileType = wrapper.framework; includeInIndex = 0; path = Pods_E_Learning.framework; sourceTree = BUILT_PRODUCTS_DIR; };
/* End PBXFileReference section */

/* Begin PBXFrameworksBuildPhase section */
		0044C70E2898CB3E006D5B1F /* Frameworks */ = {
			isa = PBXFrameworksBuildPhase;
			buildActionMask = 2147483647;
			files = (
				B2F282ABC4956D505FFE72E5 /* Pods_E_Learning.framework in Frameworks */,
			);
			runOnlyForDeploymentPostprocessing = 0;
		};
/* End PBXFrameworksBuildPhase section */

/* Begin PBXGroup section */
		000BD522289A19FF00B9100E /* Common */ = {
			isa = PBXGroup;
			children = (
				001F806D28A7DA4300F8C6EF /* Manages */,
				0059CC8528A62258008DC1F1 /* Custom */,
				000BD54B289A229100B9100E /* Utils */,
				000BD526289A1D0B00B9100E /* Category */,
			);
			path = Common;
			sourceTree = "<group>";
		};
		000BD526289A1D0B00B9100E /* Category */ = {
			isa = PBXGroup;
			children = (
				000BD52A289A1D0B00B9100E /* Array.swift */,
				000BD52E289A1D0B00B9100E /* Dictionary.swift */,
				000BD549289A1FFD00B9100E /* String.swift */,
				000BD528289A1D0B00B9100E /* Date.swift */,
				000BD527289A1D0B00B9100E /* CALayer.swift */,
				000BD534289A1D0B00B9100E /* UIFont.swift */,
				000BD52B289A1D0B00B9100E /* UIColor.swift */,
				000BD52C289A1D0B00B9100E /* UINavigationItem.swift */,
				000BD529289A1D0B00B9100E /* UIView.swift */,
				000BD530289A1D0B00B9100E /* UIButton.swift */,
				000BD531289A1D0B00B9100E /* UIImage.swift */,
				000BD535289A1D0B00B9100E /* UILabel.swift */,
				000BD52D289A1D0B00B9100E /* UITableView.swift */,
				000BD532289A1D0B00B9100E /* UIViewController.swift */,
				000BD536289A1D0B00B9100E /* UIAlertController.swift */,
			);
			path = Category;
			sourceTree = "<group>";
		};
		000BD54B289A229100B9100E /* Utils */ = {
			isa = PBXGroup;
			children = (
				000BD54F289A229100B9100E /* Rx+MJRefresh */,
				000BD54C289A229100B9100E /* ELJsonUtil.swift */,
				000BD54D289A229100B9100E /* ELDarkModeUtil.swift */,
				000BD552289A229100B9100E /* ELSecretKeyUtil.swift */,
				000BD553289A229100B9100E /* ELSystemTools.swift */,
				000BD554289A229100B9100E /* ELCheckUtil.swift */,
				000BD555289A229100B9100E /* ELStringUtil.swift */,
				000BD556289A229100B9100E /* ELNotificationKeyUtil.swift */,
				000BD557289A229100B9100E /* ELImageUtil.swift */,
			);
			name = Utils;
			path = E_Learning/Utils;
			sourceTree = SOURCE_ROOT;
		};
		000BD54F289A229100B9100E /* Rx+MJRefresh */ = {
			isa = PBXGroup;
			children = (
				000BD550289A229100B9100E /* MJRefresh+RxSwift.swift */,
				000BD551289A229100B9100E /* UIScrollView+RxSwift.swift */,
			);
			path = "Rx+MJRefresh";
			sourceTree = "<group>";
		};
		000BD563289A23A000B9100E /* Model */ = {
			isa = PBXGroup;
			children = (
				000BD564289A23A700B9100E /* SuperOB */,
			);
			path = Model;
			sourceTree = "<group>";
		};
		000BD564289A23A700B9100E /* SuperOB */ = {
			isa = PBXGroup;
			children = (
				000BD565289A23D200B9100E /* SuperOB.swift */,
			);
			path = SuperOB;
			sourceTree = "<group>";
		};
		001F805828A779BA00F8C6EF /* Client */ = {
			isa = PBXGroup;
			children = (
				001F805B28A77B8200F8C6EF /* ELNetAPI.swift */,
				001F805928A77A3200F8C6EF /* ELAPIClient.swift */,
			);
			path = Client;
			sourceTree = "<group>";
		};
		001F805D28A7D88C00F8C6EF /* Module */ = {
			isa = PBXGroup;
			children = (
				00D191B828AB61D0000EDC03 /* CourseDetail */,
				001F806828A7D9BB00F8C6EF /* My */,
				001F806328A7D99800F8C6EF /* Course */,
				001F805E28A7D97200F8C6EF /* Home */,
			);
			path = Module;
			sourceTree = "<group>";
		};
		001F805E28A7D97200F8C6EF /* Home */ = {
			isa = PBXGroup;
			children = (
				001F805F28A7D97900F8C6EF /* ViewController */,
			);
			path = Home;
			sourceTree = "<group>";
		};
		001F805F28A7D97900F8C6EF /* ViewController */ = {
			isa = PBXGroup;
			children = (
				0044622F28A89D7900AED895 /* ELHomePageViewController.swift */,
			);
			path = ViewController;
			sourceTree = "<group>";
		};
		001F806328A7D99800F8C6EF /* Course */ = {
			isa = PBXGroup;
			children = (
				001F806428A7D99D00F8C6EF /* ViewController */,
			);
			path = Course;
			sourceTree = "<group>";
		};
		001F806428A7D99D00F8C6EF /* ViewController */ = {
			isa = PBXGroup;
			children = (
				0044623128A89F5E00AED895 /* ELCourseViewController.swift */,
			);
			path = ViewController;
			sourceTree = "<group>";
		};
		001F806828A7D9BB00F8C6EF /* My */ = {
			isa = PBXGroup;
			children = (
				001F806928A7D9C000F8C6EF /* ViewController */,
			);
			path = My;
			sourceTree = "<group>";
		};
		001F806928A7D9C000F8C6EF /* ViewController */ = {
			isa = PBXGroup;
			children = (
				0044623328A89F8C00AED895 /* ELMyViewController.swift */,
			);
			path = ViewController;
			sourceTree = "<group>";
		};
		001F806D28A7DA4300F8C6EF /* Manages */ = {
			isa = PBXGroup;
			children = (
				001F806E28A7DB5300F8C6EF /* ELCoreManager.swift */,
			);
			path = Manages;
			sourceTree = "<group>";
		};
		0044C7082898CB3E006D5B1F = {
			isa = PBXGroup;
			children = (
				0044C7132898CB3E006D5B1F /* E_Learning */,
				0044C7122898CB3E006D5B1F /* Products */,
				1102D3B31C69B05D923657BE /* Pods */,
				9D76E551EF0818609702CBF4 /* Frameworks */,
			);
			sourceTree = "<group>";
		};
		0044C7122898CB3E006D5B1F /* Products */ = {
			isa = PBXGroup;
			children = (
				0044C7112898CB3E006D5B1F /* E_Learning.app */,
			);
			name = Products;
			sourceTree = "<group>";
		};
		0044C7132898CB3E006D5B1F /* E_Learning */ = {
			isa = PBXGroup;
			children = (
				001F805D28A7D88C00F8C6EF /* Module */,
				0059CC8428A621D2008DC1F1 /* Network */,
				0059CC7528A6126B008DC1F1 /* Basic */,
				000BD522289A19FF00B9100E /* Common */,
				0044C7282898CD63006D5B1F /* Supporting Files */,
			);
			path = E_Learning;
			sourceTree = "<group>";
		};
		0044C7282898CD63006D5B1F /* Supporting Files */ = {
			isa = PBXGroup;
			children = (
				0063F1AC28A9ED25005874D8 /* R.generated.swift */,
				000BD547289A1EFA00B9100E /* Global.swift */,
				0044C7142898CB3E006D5B1F /* AppDelegate.swift */,
				00A64AA82898F4E1008F970F /* E_Learning-Bridging-Header.h */,
				0044C71F2898CB3F006D5B1F /* LaunchScreen.storyboard */,
				001F43792898CDA200324FDB /* Info.plist */,
				001F437B2898CDB900324FDB /* Assets.xcassets */,
			);
			path = "Supporting Files";
			sourceTree = "<group>";
		};
		0059CC7528A6126B008DC1F1 /* Basic */ = {
			isa = PBXGroup;
			children = (
				0059CC7928A6189D008DC1F1 /* View */,
				0059CC7628A61285008DC1F1 /* ViewController */,
				000BD563289A23A000B9100E /* Model */,
			);
			path = Basic;
			sourceTree = "<group>";
		};
		0059CC7628A61285008DC1F1 /* ViewController */ = {
			isa = PBXGroup;
			children = (
				0059CC7E28A6197B008DC1F1 /* Navigator */,
				0059CC7728A614B0008DC1F1 /* ELBasicViewController.swift */,
				0059CC8128A61FE3008DC1F1 /* ELRootTabbarController.swift */,
			);
			path = ViewController;
			sourceTree = "<group>";
		};
		0059CC7928A6189D008DC1F1 /* View */ = {
			isa = PBXGroup;
			children = (
				0059CC7A28A6189D008DC1F1 /* ELBasicView.swift */,
				0059CC7C28A61946008DC1F1 /* ELBasicTableViewCell.swift */,
			);
			path = View;
			sourceTree = "<group>";
		};
		0059CC7E28A6197B008DC1F1 /* Navigator */ = {
			isa = PBXGroup;
			children = (
				0059CC7F28A61E8D008DC1F1 /* Navigator.swift */,
				0063F1AE28A9F8EE005874D8 /* Navigator+Home.swift */,
			);
			path = Navigator;
			sourceTree = "<group>";
		};
		0059CC8428A621D2008DC1F1 /* Network */ = {
			isa = PBXGroup;
			children = (
				001F805828A779BA00F8C6EF /* Client */,
				001F805628A7776D00F8C6EF /* ELNetAPIManagers.swift */,
				0043F63F28A6439400B567AA /* ELDataParseReqPlugin.swift */,
			);
			path = Network;
			sourceTree = "<group>";
		};
		0059CC8528A62258008DC1F1 /* Custom */ = {
			isa = PBXGroup;
			children = (
				0059CC8828A623EA008DC1F1 /* ELProgressHUD.swift */,
				0059CC8628A622EF008DC1F1 /* ELCheckNetwork.swift */,
			);
			path = Custom;
			sourceTree = "<group>";
		};
		00D191B828AB61D0000EDC03 /* CourseDetail */ = {
			isa = PBXGroup;
			children = (
				00D191BA28AB61F7000EDC03 /* View */,
				00D191B928AB61EF000EDC03 /* ViewController */,
			);
			path = CourseDetail;
			sourceTree = "<group>";
		};
		00D191B928AB61EF000EDC03 /* ViewController */ = {
			isa = PBXGroup;
			children = (
				00D191BD28AB6228000EDC03 /* ELCourseDetailViewController.swift */,
			);
			path = ViewController;
			sourceTree = "<group>";
		};
		00D191BA28AB61F7000EDC03 /* View */ = {
			isa = PBXGroup;
			children = (
				00D191BF28AB81A5000EDC03 /* ELIntroView.swift */,
				00D191C328AB92F2000EDC03 /* ELProgressView.swift */,
				278321E128B4ADB500309F55 /* RCGradientProgressView.swift */,
				278321E328B4B2E000309F55 /* ELCourseInfoView.swift */,
				278321E528B4B3B800309F55 /* ELNameView.swift */,
				27CFE68C28B4CA2500B9ADC5 /* ELCourseInfoTitleView.swift */,
				278321E728B4C51100309F55 /* ELCourseInfoContentView.swift */,
			);
			path = View;
			sourceTree = "<group>";
		};
		1102D3B31C69B05D923657BE /* Pods */ = {
			isa = PBXGroup;
			children = (
				0D34EE85846E409B9E3E1654 /* Pods-E_Learning.debug.xcconfig */,
				0951055AA81821098722831E /* Pods-E_Learning.release.xcconfig */,
			);
			path = Pods;
			sourceTree = "<group>";
		};
		9D76E551EF0818609702CBF4 /* Frameworks */ = {
			isa = PBXGroup;
			children = (
				EE9B10A552CD2241A281CA78 /* Pods_E_Learning.framework */,
			);
			name = Frameworks;
			sourceTree = "<group>";
		};
/* End PBXGroup section */

/* Begin PBXNativeTarget section */
		0044C7102898CB3E006D5B1F /* E_Learning */ = {
			isa = PBXNativeTarget;
			buildConfigurationList = 0044C7252898CB3F006D5B1F /* Build configuration list for PBXNativeTarget "E_Learning" */;
			buildPhases = (
				2784CF20A97EC826769EA414 /* [CP] Check Pods Manifest.lock */,
				007E43D328A9E31A0019D329 /* R.swift */,
				0044C70D2898CB3E006D5B1F /* Sources */,
				0044C70E2898CB3E006D5B1F /* Frameworks */,
				0044C70F2898CB3E006D5B1F /* Resources */,
				AA3F401E8BF5126B4AA41A5B /* [CP] Embed Pods Frameworks */,
			);
			buildRules = (
			);
			dependencies = (
			);
			name = E_Learning;
			productName = E_Learning;
			productReference = 0044C7112898CB3E006D5B1F /* E_Learning.app */;
			productType = "com.apple.product-type.application";
		};
/* End PBXNativeTarget section */

/* Begin PBXProject section */
		0044C7092898CB3E006D5B1F /* Project object */ = {
			isa = PBXProject;
			attributes = {
				BuildIndependentTargetsInParallel = 1;
				LastSwiftUpdateCheck = 1340;
				LastUpgradeCheck = 1340;
				TargetAttributes = {
					0044C7102898CB3E006D5B1F = {
						CreatedOnToolsVersion = 13.4.1;
						LastSwiftMigration = 1340;
					};
				};
			};
			buildConfigurationList = 0044C70C2898CB3E006D5B1F /* Build configuration list for PBXProject "E_Learning" */;
			compatibilityVersion = "Xcode 13.0";
			developmentRegion = en;
			hasScannedForEncodings = 0;
			knownRegions = (
				en,
				Base,
			);
			mainGroup = 0044C7082898CB3E006D5B1F;
			productRefGroup = 0044C7122898CB3E006D5B1F /* Products */;
			projectDirPath = "";
			projectRoot = "";
			targets = (
				0044C7102898CB3E006D5B1F /* E_Learning */,
			);
		};
/* End PBXProject section */

/* Begin PBXResourcesBuildPhase section */
		0044C70F2898CB3E006D5B1F /* Resources */ = {
			isa = PBXResourcesBuildPhase;
			buildActionMask = 2147483647;
			files = (
				0044C7212898CB3F006D5B1F /* LaunchScreen.storyboard in Resources */,
				001F437C2898CDB900324FDB /* Assets.xcassets in Resources */,
			);
			runOnlyForDeploymentPostprocessing = 0;
		};
/* End PBXResourcesBuildPhase section */

/* Begin PBXShellScriptBuildPhase section */
		007E43D328A9E31A0019D329 /* R.swift */ = {
			isa = PBXShellScriptBuildPhase;
			alwaysOutOfDate = 1;
			buildActionMask = 2147483647;
			files = (
			);
			inputFileListPaths = (
			);
			inputPaths = (
			);
			name = R.swift;
			outputFileListPaths = (
			);
			outputPaths = (
				"$SRCROOT/E_Learning/Supporting Files/R.generated.swift",
			);
			runOnlyForDeploymentPostprocessing = 0;
			shellPath = /bin/sh;
			shellScript = "# Type a script or drag a script file from your workspace to insert its path.\n\"$PODS_ROOT/R.swift/rswift\" generate \"$SRCROOT/E_Learning/Supporting Files/R.generated.swift\"\n";
		};
		2784CF20A97EC826769EA414 /* [CP] Check Pods Manifest.lock */ = {
			isa = PBXShellScriptBuildPhase;
			buildActionMask = 2147483647;
			files = (
			);
			inputFileListPaths = (
			);
			inputPaths = (
				"${PODS_PODFILE_DIR_PATH}/Podfile.lock",
				"${PODS_ROOT}/Manifest.lock",
			);
			name = "[CP] Check Pods Manifest.lock";
			outputFileListPaths = (
			);
			outputPaths = (
				"$(DERIVED_FILE_DIR)/Pods-E_Learning-checkManifestLockResult.txt",
			);
			runOnlyForDeploymentPostprocessing = 0;
			shellPath = /bin/sh;
			shellScript = "diff \"${PODS_PODFILE_DIR_PATH}/Podfile.lock\" \"${PODS_ROOT}/Manifest.lock\" > /dev/null\nif [ $? != 0 ] ; then\n    # print error to STDERR\n    echo \"error: The sandbox is not in sync with the Podfile.lock. Run 'pod install' or update your CocoaPods installation.\" >&2\n    exit 1\nfi\n# This output is used by Xcode 'outputs' to avoid re-running this script phase.\necho \"SUCCESS\" > \"${SCRIPT_OUTPUT_FILE_0}\"\n";
			showEnvVarsInLog = 0;
		};
		AA3F401E8BF5126B4AA41A5B /* [CP] Embed Pods Frameworks */ = {
			isa = PBXShellScriptBuildPhase;
			buildActionMask = 2147483647;
			files = (
			);
			inputFileListPaths = (
				"${PODS_ROOT}/Target Support Files/Pods-E_Learning/Pods-E_Learning-frameworks-${CONFIGURATION}-input-files.xcfilelist",
			);
			name = "[CP] Embed Pods Frameworks";
			outputFileListPaths = (
				"${PODS_ROOT}/Target Support Files/Pods-E_Learning/Pods-E_Learning-frameworks-${CONFIGURATION}-output-files.xcfilelist",
			);
			runOnlyForDeploymentPostprocessing = 0;
			shellPath = /bin/sh;
			shellScript = "\"${PODS_ROOT}/Target Support Files/Pods-E_Learning/Pods-E_Learning-frameworks.sh\"\n";
			showEnvVarsInLog = 0;
		};
/* End PBXShellScriptBuildPhase section */

/* Begin PBXSourcesBuildPhase section */
		0044C70D2898CB3E006D5B1F /* Sources */ = {
			isa = PBXSourcesBuildPhase;
			buildActionMask = 2147483647;
			files = (
				000BD540289A1D0B00B9100E /* UIButton.swift in Sources */,
				001F806F28A7DB5300F8C6EF /* ELCoreManager.swift in Sources */,
				0059CC8028A61E8D008DC1F1 /* Navigator.swift in Sources */,
				000BD55E289A229100B9100E /* ELSystemTools.swift in Sources */,
				278321E828B4C51100309F55 /* ELCourseInfoContentView.swift in Sources */,
				000BD566289A23D200B9100E /* SuperOB.swift in Sources */,
				00D191BE28AB6228000EDC03 /* ELCourseDetailViewController.swift in Sources */,
				0059CC8728A622EF008DC1F1 /* ELCheckNetwork.swift in Sources */,
				000BD539289A1D0B00B9100E /* UIView.swift in Sources */,
				000BD562289A229100B9100E /* ELImageUtil.swift in Sources */,
				278321E228B4ADB500309F55 /* RCGradientProgressView.swift in Sources */,
				0044623228A89F5E00AED895 /* ELCourseViewController.swift in Sources */,
				000BD53B289A1D0B00B9100E /* UIColor.swift in Sources */,
				000BD542289A1D0B00B9100E /* UIViewController.swift in Sources */,
				000BD558289A229100B9100E /* ELJsonUtil.swift in Sources */,
				000BD55D289A229100B9100E /* ELSecretKeyUtil.swift in Sources */,
				0059CC8228A61FE3008DC1F1 /* ELRootTabbarController.swift in Sources */,
				0044623428A89F8C00AED895 /* ELMyViewController.swift in Sources */,
				00D191C428AB92F2000EDC03 /* ELProgressView.swift in Sources */,
				000BD559289A229100B9100E /* ELDarkModeUtil.swift in Sources */,
				000BD537289A1D0B00B9100E /* CALayer.swift in Sources */,
				278321E628B4B3B800309F55 /* ELNameView.swift in Sources */,
				00D191C028AB81A5000EDC03 /* ELIntroView.swift in Sources */,
				001F805C28A77B8200F8C6EF /* ELNetAPI.swift in Sources */,
				0059CC8928A623EA008DC1F1 /* ELProgressHUD.swift in Sources */,
				0043F64028A6439500B567AA /* ELDataParseReqPlugin.swift in Sources */,
				000BD54A289A1FFD00B9100E /* String.swift in Sources */,
				000BD53C289A1D0B00B9100E /* UINavigationItem.swift in Sources */,
				000BD548289A1EFA00B9100E /* Global.swift in Sources */,
				0044C7152898CB3E006D5B1F /* AppDelegate.swift in Sources */,
				000BD546289A1D0B00B9100E /* UIAlertController.swift in Sources */,
				000BD53A289A1D0B00B9100E /* Array.swift in Sources */,
				000BD561289A229100B9100E /* ELNotificationKeyUtil.swift in Sources */,
				0063F1AF28A9F8EE005874D8 /* Navigator+Home.swift in Sources */,
				000BD55C289A229100B9100E /* UIScrollView+RxSwift.swift in Sources */,
				000BD545289A1D0B00B9100E /* UILabel.swift in Sources */,
				278321E428B4B2E000309F55 /* ELCourseInfoView.swift in Sources */,
				0059CC7828A614B0008DC1F1 /* ELBasicViewController.swift in Sources */,
				000BD53E289A1D0B00B9100E /* Dictionary.swift in Sources */,
				0063F1AD28A9ED25005874D8 /* R.generated.swift in Sources */,
				000BD538289A1D0B00B9100E /* Date.swift in Sources */,
				27CFE68D28B4CA2500B9ADC5 /* ELCourseInfoTitleView.swift in Sources */,
				000BD544289A1D0B00B9100E /* UIFont.swift in Sources */,
				001F805A28A77A3200F8C6EF /* ELAPIClient.swift in Sources */,
				0044623028A89D7900AED895 /* ELHomePageViewController.swift in Sources */,
				000BD541289A1D0B00B9100E /* UIImage.swift in Sources */,
				0059CC7B28A6189D008DC1F1 /* ELBasicView.swift in Sources */,
				001F805728A7776D00F8C6EF /* ELNetAPIManagers.swift in Sources */,
				000BD560289A229100B9100E /* ELStringUtil.swift in Sources */,
				000BD53D289A1D0B00B9100E /* UITableView.swift in Sources */,
				0059CC7D28A61946008DC1F1 /* ELBasicTableViewCell.swift in Sources */,
				000BD55B289A229100B9100E /* MJRefresh+RxSwift.swift in Sources */,
				000BD55F289A229100B9100E /* ELCheckUtil.swift in Sources */,
			);
			runOnlyForDeploymentPostprocessing = 0;
		};
/* End PBXSourcesBuildPhase section */

/* Begin PBXVariantGroup section */
		0044C71F2898CB3F006D5B1F /* LaunchScreen.storyboard */ = {
			isa = PBXVariantGroup;
			children = (
				0044C7202898CB3F006D5B1F /* Base */,
			);
			name = LaunchScreen.storyboard;
			sourceTree = "<group>";
		};
/* End PBXVariantGroup section */

/* Begin XCBuildConfiguration section */
		0044C7232898CB3F006D5B1F /* Debug */ = {
			isa = XCBuildConfiguration;
			buildSettings = {
				ALWAYS_SEARCH_USER_PATHS = NO;
				CLANG_ANALYZER_NONNULL = YES;
				CLANG_ANALYZER_NUMBER_OBJECT_CONVERSION = YES_AGGRESSIVE;
				CLANG_CXX_LANGUAGE_STANDARD = "gnu++17";
				CLANG_ENABLE_MODULES = YES;
				CLANG_ENABLE_OBJC_ARC = YES;
				CLANG_ENABLE_OBJC_WEAK = YES;
				CLANG_WARN_BLOCK_CAPTURE_AUTORELEASING = YES;
				CLANG_WARN_BOOL_CONVERSION = YES;
				CLANG_WARN_COMMA = YES;
				CLANG_WARN_CONSTANT_CONVERSION = YES;
				CLANG_WARN_DEPRECATED_OBJC_IMPLEMENTATIONS = YES;
				CLANG_WARN_DIRECT_OBJC_ISA_USAGE = YES_ERROR;
				CLANG_WARN_DOCUMENTATION_COMMENTS = YES;
				CLANG_WARN_EMPTY_BODY = YES;
				CLANG_WARN_ENUM_CONVERSION = YES;
				CLANG_WARN_INFINITE_RECURSION = YES;
				CLANG_WARN_INT_CONVERSION = YES;
				CLANG_WARN_NON_LITERAL_NULL_CONVERSION = YES;
				CLANG_WARN_OBJC_IMPLICIT_RETAIN_SELF = YES;
				CLANG_WARN_OBJC_LITERAL_CONVERSION = YES;
				CLANG_WARN_OBJC_ROOT_CLASS = YES_ERROR;
				CLANG_WARN_QUOTED_INCLUDE_IN_FRAMEWORK_HEADER = YES;
				CLANG_WARN_RANGE_LOOP_ANALYSIS = YES;
				CLANG_WARN_STRICT_PROTOTYPES = YES;
				CLANG_WARN_SUSPICIOUS_MOVE = YES;
				CLANG_WARN_UNGUARDED_AVAILABILITY = YES_AGGRESSIVE;
				CLANG_WARN_UNREACHABLE_CODE = YES;
				CLANG_WARN__DUPLICATE_METHOD_MATCH = YES;
				COPY_PHASE_STRIP = NO;
				DEBUG_INFORMATION_FORMAT = dwarf;
				ENABLE_STRICT_OBJC_MSGSEND = YES;
				ENABLE_TESTABILITY = YES;
				GCC_C_LANGUAGE_STANDARD = gnu11;
				GCC_DYNAMIC_NO_PIC = NO;
				GCC_NO_COMMON_BLOCKS = YES;
				GCC_OPTIMIZATION_LEVEL = 0;
				GCC_PREPROCESSOR_DEFINITIONS = (
					"DEBUG=1",
					"$(inherited)",
				);
				GCC_WARN_64_TO_32_BIT_CONVERSION = YES;
				GCC_WARN_ABOUT_RETURN_TYPE = YES_ERROR;
				GCC_WARN_UNDECLARED_SELECTOR = YES;
				GCC_WARN_UNINITIALIZED_AUTOS = YES_AGGRESSIVE;
				GCC_WARN_UNUSED_FUNCTION = YES;
				GCC_WARN_UNUSED_VARIABLE = YES;
				IPHONEOS_DEPLOYMENT_TARGET = 15.5;
				MTL_ENABLE_DEBUG_INFO = INCLUDE_SOURCE;
				MTL_FAST_MATH = YES;
				ONLY_ACTIVE_ARCH = YES;
				SDKROOT = iphoneos;
				SWIFT_ACTIVE_COMPILATION_CONDITIONS = DEBUG;
				SWIFT_OPTIMIZATION_LEVEL = "-Onone";
			};
			name = Debug;
		};
		0044C7242898CB3F006D5B1F /* Release */ = {
			isa = XCBuildConfiguration;
			buildSettings = {
				ALWAYS_SEARCH_USER_PATHS = NO;
				CLANG_ANALYZER_NONNULL = YES;
				CLANG_ANALYZER_NUMBER_OBJECT_CONVERSION = YES_AGGRESSIVE;
				CLANG_CXX_LANGUAGE_STANDARD = "gnu++17";
				CLANG_ENABLE_MODULES = YES;
				CLANG_ENABLE_OBJC_ARC = YES;
				CLANG_ENABLE_OBJC_WEAK = YES;
				CLANG_WARN_BLOCK_CAPTURE_AUTORELEASING = YES;
				CLANG_WARN_BOOL_CONVERSION = YES;
				CLANG_WARN_COMMA = YES;
				CLANG_WARN_CONSTANT_CONVERSION = YES;
				CLANG_WARN_DEPRECATED_OBJC_IMPLEMENTATIONS = YES;
				CLANG_WARN_DIRECT_OBJC_ISA_USAGE = YES_ERROR;
				CLANG_WARN_DOCUMENTATION_COMMENTS = YES;
				CLANG_WARN_EMPTY_BODY = YES;
				CLANG_WARN_ENUM_CONVERSION = YES;
				CLANG_WARN_INFINITE_RECURSION = YES;
				CLANG_WARN_INT_CONVERSION = YES;
				CLANG_WARN_NON_LITERAL_NULL_CONVERSION = YES;
				CLANG_WARN_OBJC_IMPLICIT_RETAIN_SELF = YES;
				CLANG_WARN_OBJC_LITERAL_CONVERSION = YES;
				CLANG_WARN_OBJC_ROOT_CLASS = YES_ERROR;
				CLANG_WARN_QUOTED_INCLUDE_IN_FRAMEWORK_HEADER = YES;
				CLANG_WARN_RANGE_LOOP_ANALYSIS = YES;
				CLANG_WARN_STRICT_PROTOTYPES = YES;
				CLANG_WARN_SUSPICIOUS_MOVE = YES;
				CLANG_WARN_UNGUARDED_AVAILABILITY = YES_AGGRESSIVE;
				CLANG_WARN_UNREACHABLE_CODE = YES;
				CLANG_WARN__DUPLICATE_METHOD_MATCH = YES;
				COPY_PHASE_STRIP = NO;
				DEBUG_INFORMATION_FORMAT = "dwarf-with-dsym";
				ENABLE_NS_ASSERTIONS = NO;
				ENABLE_STRICT_OBJC_MSGSEND = YES;
				GCC_C_LANGUAGE_STANDARD = gnu11;
				GCC_NO_COMMON_BLOCKS = YES;
				GCC_WARN_64_TO_32_BIT_CONVERSION = YES;
				GCC_WARN_ABOUT_RETURN_TYPE = YES_ERROR;
				GCC_WARN_UNDECLARED_SELECTOR = YES;
				GCC_WARN_UNINITIALIZED_AUTOS = YES_AGGRESSIVE;
				GCC_WARN_UNUSED_FUNCTION = YES;
				GCC_WARN_UNUSED_VARIABLE = YES;
				IPHONEOS_DEPLOYMENT_TARGET = 15.5;
				MTL_ENABLE_DEBUG_INFO = NO;
				MTL_FAST_MATH = YES;
				SDKROOT = iphoneos;
				SWIFT_COMPILATION_MODE = wholemodule;
				SWIFT_OPTIMIZATION_LEVEL = "-O";
				VALIDATE_PRODUCT = YES;
			};
			name = Release;
		};
		0044C7262898CB3F006D5B1F /* Debug */ = {
			isa = XCBuildConfiguration;
			baseConfigurationReference = 0D34EE85846E409B9E3E1654 /* Pods-E_Learning.debug.xcconfig */;
			buildSettings = {
				ASSETCATALOG_COMPILER_APPICON_NAME = AppIcon;
				ASSETCATALOG_COMPILER_GLOBAL_ACCENT_COLOR_NAME = AccentColor;
				CLANG_ENABLE_MODULES = YES;
				CODE_SIGN_STYLE = Automatic;
				CURRENT_PROJECT_VERSION = 1;
				DEVELOPMENT_TEAM = "";
				GENERATE_INFOPLIST_FILE = YES;
				INFOPLIST_FILE = "E_Learning/Supporting Files/Info.plist";
				INFOPLIST_KEY_UIApplicationSupportsIndirectInputEvents = YES;
				INFOPLIST_KEY_UILaunchStoryboardName = LaunchScreen;
				INFOPLIST_KEY_UISupportedInterfaceOrientations = UIInterfaceOrientationPortrait;
				INFOPLIST_KEY_UISupportedInterfaceOrientations_iPad = "UIInterfaceOrientationPortrait UIInterfaceOrientationPortraitUpsideDown UIInterfaceOrientationLandscapeLeft UIInterfaceOrientationLandscapeRight";
				INFOPLIST_KEY_UISupportedInterfaceOrientations_iPhone = "UIInterfaceOrientationPortrait UIInterfaceOrientationLandscapeLeft UIInterfaceOrientationLandscapeRight";
				IPHONEOS_DEPLOYMENT_TARGET = 12.0;
				LD_RUNPATH_SEARCH_PATHS = (
					"$(inherited)",
					"@executable_path/Frameworks",
				);
				MARKETING_VERSION = 1.0;
				PRODUCT_BUNDLE_IDENTIFIER = "com.eLearning.com.E-Learning";
				PRODUCT_NAME = "$(TARGET_NAME)";
				SWIFT_EMIT_LOC_STRINGS = YES;
				SWIFT_OBJC_BRIDGING_HEADER = "E_Learning/Supporting Files/E_Learning-Bridging-Header.h";
				SWIFT_OPTIMIZATION_LEVEL = "-Onone";
				SWIFT_VERSION = 5.0;
				TARGETED_DEVICE_FAMILY = 1;
			};
			name = Debug;
		};
		0044C7272898CB3F006D5B1F /* Release */ = {
			isa = XCBuildConfiguration;
			baseConfigurationReference = 0951055AA81821098722831E /* Pods-E_Learning.release.xcconfig */;
			buildSettings = {
				ASSETCATALOG_COMPILER_APPICON_NAME = AppIcon;
				ASSETCATALOG_COMPILER_GLOBAL_ACCENT_COLOR_NAME = AccentColor;
				CLANG_ENABLE_MODULES = YES;
				CODE_SIGN_STYLE = Automatic;
				CURRENT_PROJECT_VERSION = 1;
				DEVELOPMENT_TEAM = 4YZLS8GBXE;
				GENERATE_INFOPLIST_FILE = YES;
				INFOPLIST_FILE = "E_Learning/Supporting Files/Info.plist";
				INFOPLIST_KEY_UIApplicationSupportsIndirectInputEvents = YES;
				INFOPLIST_KEY_UILaunchStoryboardName = LaunchScreen;
				INFOPLIST_KEY_UISupportedInterfaceOrientations = UIInterfaceOrientationPortrait;
				INFOPLIST_KEY_UISupportedInterfaceOrientations_iPad = "UIInterfaceOrientationPortrait UIInterfaceOrientationPortraitUpsideDown UIInterfaceOrientationLandscapeLeft UIInterfaceOrientationLandscapeRight";
				INFOPLIST_KEY_UISupportedInterfaceOrientations_iPhone = "UIInterfaceOrientationPortrait UIInterfaceOrientationLandscapeLeft UIInterfaceOrientationLandscapeRight";
				IPHONEOS_DEPLOYMENT_TARGET = 12.0;
				LD_RUNPATH_SEARCH_PATHS = (
					"$(inherited)",
					"@executable_path/Frameworks",
				);
				MARKETING_VERSION = 1.0;
				PRODUCT_BUNDLE_IDENTIFIER = "com.eLearning.com.E-Learning";
				PRODUCT_NAME = "$(TARGET_NAME)";
				SWIFT_EMIT_LOC_STRINGS = YES;
				SWIFT_OBJC_BRIDGING_HEADER = "E_Learning/Supporting Files/E_Learning-Bridging-Header.h";
				SWIFT_VERSION = 5.0;
				TARGETED_DEVICE_FAMILY = 1;
			};
			name = Release;
		};
/* End XCBuildConfiguration section */

/* Begin XCConfigurationList section */
		0044C70C2898CB3E006D5B1F /* Build configuration list for PBXProject "E_Learning" */ = {
			isa = XCConfigurationList;
			buildConfigurations = (
				0044C7232898CB3F006D5B1F /* Debug */,
				0044C7242898CB3F006D5B1F /* Release */,
			);
			defaultConfigurationIsVisible = 0;
			defaultConfigurationName = Release;
		};
		0044C7252898CB3F006D5B1F /* Build configuration list for PBXNativeTarget "E_Learning" */ = {
			isa = XCConfigurationList;
			buildConfigurations = (
				0044C7262898CB3F006D5B1F /* Debug */,
				0044C7272898CB3F006D5B1F /* Release */,
			);
			defaultConfigurationIsVisible = 0;
			defaultConfigurationName = Release;
		};
/* End XCConfigurationList section */
	};
	rootObject = 0044C7092898CB3E006D5B1F /* Project object */;
}
